
Microsoft Visual Studio Solution File, Format Version 12.00
# Visual Studio Version 16
VisualStudioVersion = 16.0.30002.166
MinimumVisualStudioVersion = 10.0.40219.1
Project("{2150E333-8FDC-42A3-9474-1A3956D46DE8}") = "Shared", "Shared", "{64D47178-DF47-42AB-8603-8503B41B7185}"
EndProject
Project("{2150E333-8FDC-42A3-9474-1A3956D46DE8}") = "Domain", "Domain", "{6EB4C3D5-B432-4E6B-B464-DFD15B5BFBD8}"
EndProject
Project("{9A19103F-16F7-4668-BE54-9A1E7A4F7556}") = "ExchangeContextDomain", "ExchangeContextDomain\ExchangeContextDomain.csproj", "{8AF5D550-5B6F-48F4-AF4E-CD7E62BB60CF}"
EndProject
Project("{9A19103F-16F7-4668-BE54-9A1E7A4F7556}") = "ExchangeContextShared", "ExchangeShared\ExchangeContextShared.csproj", "{58BD317D-BC77-4C1A-A461-EDB9A0E12CBE}"
EndProject
Global
	GlobalSection(SolutionConfigurationPlatforms) = preSolution
		Debug|Any CPU = Debug|Any CPU
		Release|Any CPU = Release|Any CPU
	EndGlobalSection
	GlobalSection(ProjectConfigurationPlatforms) = postSolution
		{8AF5D550-5B6F-48F4-AF4E-CD7E62BB60CF}.Debug|Any CPU.ActiveCfg = Debug|Any CPU
		{8AF5D550-5B6F-48F4-AF4E-CD7E62BB60CF}.Debug|Any CPU.Build.0 = Debug|Any CPU
		{8AF5D550-5B6F-48F4-AF4E-CD7E62BB60CF}.Release|Any CPU.ActiveCfg = Release|Any CPU
		{8AF5D550-5B6F-48F4-AF4E-CD7E62BB60CF}.Release|Any CPU.Build.0 = Release|Any CPU
		{58BD317D-BC77-4C1A-A461-EDB9A0E12CBE}.Debug|Any CPU.ActiveCfg = Debug|Any CPU
		{58BD317D-BC77-4C1A-A461-EDB9A0E12CBE}.Debug|Any CPU.Build.0 = Debug|Any CPU
		{58BD317D-BC77-4C1A-A461-EDB9A0E12CBE}.Release|Any CPU.ActiveCfg = Release|Any CPU
		{58BD317D-BC77-4C1A-A461-EDB9A0E12CBE}.Release|Any CPU.Build.0 = Release|Any CPU
	EndGlobalSection
	GlobalSection(SolutionProperties) = preSolution
		HideSolutionNode = FALSE
	EndGlobalSection
	GlobalSection(NestedProjects) = preSolution
		{8AF5D550-5B6F-48F4-AF4E-CD7E62BB60CF} = {6EB4C3D5-B432-4E6B-B464-DFD15B5BFBD8}
		{58BD317D-BC77-4C1A-A461-EDB9A0E12CBE} = {64D47178-DF47-42AB-8603-8503B41B7185}
	EndGlobalSection
	GlobalSection(ExtensibilityGlobals) = postSolution
		SolutionGuid = {4D2DCDC1-675A-4883-8AFB-1619FF51982E}
	EndGlobalSection
EndGlobal
